// !$*UTF8*$!
{
	archiveVersion = 1;
	classes = {
	};
	objectVersion = 46;
	objects = {

/* Begin PBXBuildFile section */
		9AB5E48E1C6C2236005A8EE2 /* AppDelegate.swift in Sources */ = {isa = PBXBuildFile; fileRef = 9AB5E48D1C6C2236005A8EE2 /* AppDelegate.swift */; };
		9AB5E4901C6C2236005A8EE2 /* ViewController.swift in Sources */ = {isa = PBXBuildFile; fileRef = 9AB5E48F1C6C2236005A8EE2 /* ViewController.swift */; };
		9AB5E4931C6C2236005A8EE2 /* Main.storyboard in Resources */ = {isa = PBXBuildFile; fileRef = 9AB5E4911C6C2236005A8EE2 /* Main.storyboard */; };
		9AB5E4951C6C2236005A8EE2 /* Assets.xcassets in Resources */ = {isa = PBXBuildFile; fileRef = 9AB5E4941C6C2236005A8EE2 /* Assets.xcassets */; };
		9AB5E4981C6C2236005A8EE2 /* LaunchScreen.storyboard in Resources */ = {isa = PBXBuildFile; fileRef = 9AB5E4961C6C2236005A8EE2 /* LaunchScreen.storyboard */; };
		9AB5E4A31C6C2236005A8EE2 /* Try_SwiftTests.swift in Sources */ = {isa = PBXBuildFile; fileRef = 9AB5E4A21C6C2236005A8EE2 /* Try_SwiftTests.swift */; };
		9AB5E4AE1C6C2236005A8EE2 /* Try_SwiftUITests.swift in Sources */ = {isa = PBXBuildFile; fileRef = 9AB5E4AD1C6C2236005A8EE2 /* Try_SwiftUITests.swift */; };
/* End PBXBuildFile section */

/* Begin PBXContainerItemProxy section */
		9AB5E49F1C6C2236005A8EE2 /* PBXContainerItemProxy */ = {
			isa = PBXContainerItemProxy;
			containerPortal = 9AB5E4821C6C2235005A8EE2 /* Project object */;
			proxyType = 1;
			remoteGlobalIDString = 9AB5E4891C6C2235005A8EE2;
			remoteInfo = "Try Swift";
		};
		9AB5E4AA1C6C2236005A8EE2 /* PBXContainerItemProxy */ = {
			isa = PBXContainerItemProxy;
			containerPortal = 9AB5E4821C6C2235005A8EE2 /* Project object */;
			proxyType = 1;
			remoteGlobalIDString = 9AB5E4891C6C2235005A8EE2;
			remoteInfo = "Try Swift";
		};
/* End PBXContainerItemProxy section */

/* Begin PBXFileReference section */
		9AB5E48A1C6C2236005A8EE2 /* Try Swift.app */ = {isa = PBXFileReference; explicitFileType = wrapper.application; includeInIndex = 0; path = "Try Swift.app"; sourceTree = BUILT_PRODUCTS_DIR; };
		9AB5E48D1C6C2236005A8EE2 /* AppDelegate.swift */ = {isa = PBXFileReference; lastKnownFileType = sourcecode.swift; path = AppDelegate.swift; sourceTree = "<group>"; };
		9AB5E48F1C6C2236005A8EE2 /* ViewController.swift */ = {isa = PBXFileReference; lastKnownFileType = sourcecode.swift; path = ViewController.swift; sourceTree = "<group>"; };
		9AB5E4921C6C2236005A8EE2 /* Base */ = {isa = PBXFileReference; lastKnownFileType = file.storyboard; name = Base; path = Base.lproj/Main.storyboard; sourceTree = "<group>"; };
		9AB5E4941C6C2236005A8EE2 /* Assets.xcassets */ = {isa = PBXFileReference; lastKnownFileType = folder.assetcatalog; path = Assets.xcassets; sourceTree = "<group>"; };
		9AB5E4971C6C2236005A8EE2 /* Base */ = {isa = PBXFileReference; lastKnownFileType = file.storyboard; name = Base; path = Base.lproj/LaunchScreen.storyboard; sourceTree = "<group>"; };
		9AB5E4991C6C2236005A8EE2 /* Info.plist */ = {isa = PBXFileReference; lastKnownFileType = text.plist.xml; path = Info.plist; sourceTree = "<group>"; };
		9AB5E49E1C6C2236005A8EE2 /* Try SwiftTests.xctest */ = {isa = PBXFileReference; explicitFileType = wrapper.cfbundle; includeInIndex = 0; path = "Try SwiftTests.xctest"; sourceTree = BUILT_PRODUCTS_DIR; };
		9AB5E4A21C6C2236005A8EE2 /* Try_SwiftTests.swift */ = {isa = PBXFileReference; lastKnownFileType = sourcecode.swift; path = Try_SwiftTests.swift; sourceTree = "<group>"; };
		9AB5E4A41C6C2236005A8EE2 /* Info.plist */ = {isa = PBXFileReference; lastKnownFileType = text.plist.xml; path = Info.plist; sourceTree = "<group>"; };
		9AB5E4A91C6C2236005A8EE2 /* Try SwiftUITests.xctest */ = {isa = PBXFileReference; explicitFileType = wrapper.cfbundle; includeInIndex = 0; path = "Try SwiftUITests.xctest"; sourceTree = BUILT_PRODUCTS_DIR; };
		9AB5E4AD1C6C2236005A8EE2 /* Try_SwiftUITests.swift */ = {isa = PBXFileReference; lastKnownFileType = sourcecode.swift; path = Try_SwiftUITests.swift; sourceTree = "<group>"; };
		9AB5E4AF1C6C2236005A8EE2 /* Info.plist */ = {isa = PBXFileReference; lastKnownFileType = text.plist.xml; path = Info.plist; sourceTree = "<group>"; };
/* End PBXFileReference section */

/* Begin PBXFrameworksBuildPhase section */
		9AB5E4871C6C2235005A8EE2 /* Frameworks */ = {
			isa = PBXFrameworksBuildPhase;
			buildActionMask = 2147483647;
			files = (
			);
			runOnlyForDeploymentPostprocessing = 0;
		};
		9AB5E49B1C6C2236005A8EE2 /* Frameworks */ = {
			isa = PBXFrameworksBuildPhase;
			buildActionMask = 2147483647;
			files = (
			);
			runOnlyForDeploymentPostprocessing = 0;
		};
		9AB5E4A61C6C2236005A8EE2 /* Frameworks */ = {
			isa = PBXFrameworksBuildPhase;
			buildActionMask = 2147483647;
			files = (
			);
			runOnlyForDeploymentPostprocessing = 0;
		};
/* End PBXFrameworksBuildPhase section */

/* Begin PBXGroup section */
		9AB5E4811C6C2235005A8EE2 = {
			isa = PBXGroup;
			children = (
				9AB5E48C1C6C2236005A8EE2 /* Try Swift */,
				9AB5E4A11C6C2236005A8EE2 /* Try SwiftTests */,
				9AB5E4AC1C6C2236005A8EE2 /* Try SwiftUITests */,
				9AB5E48B1C6C2236005A8EE2 /* Products */,
			);
			sourceTree = "<group>";
		};
		9AB5E48B1C6C2236005A8EE2 /* Products */ = {
			isa = PBXGroup;
			children = (
				9AB5E48A1C6C2236005A8EE2 /* Try Swift.app */,
				9AB5E49E1C6C2236005A8EE2 /* Try SwiftTests.xctest */,
				9AB5E4A91C6C2236005A8EE2 /* Try SwiftUITests.xctest */,
			);
			name = Products;
			sourceTree = "<group>";
		};
		9AB5E48C1C6C2236005A8EE2 /* Try Swift */ = {
			isa = PBXGroup;
			children = (
				9AB5E48D1C6C2236005A8EE2 /* AppDelegate.swift */,
				9AB5E48F1C6C2236005A8EE2 /* ViewController.swift */,
				9AB5E4911C6C2236005A8EE2 /* Main.storyboard */,
				9AB5E4941C6C2236005A8EE2 /* Assets.xcassets */,
				9AB5E4961C6C2236005A8EE2 /* LaunchScreen.storyboard */,
				9AB5E4991C6C2236005A8EE2 /* Info.plist */,
			);
			path = "Try Swift";
			sourceTree = "<group>";
		};
		9AB5E4A11C6C2236005A8EE2 /* Try SwiftTests */ = {
			isa = PBXGroup;
			children = (
				9AB5E4A21C6C2236005A8EE2 /* Try_SwiftTests.swift */,
				9AB5E4A41C6C2236005A8EE2 /* Info.plist */,
			);
			path = "Try SwiftTests";
			sourceTree = "<group>";
		};
		9AB5E4AC1C6C2236005A8EE2 /* Try SwiftUITests */ = {
			isa = PBXGroup;
			children = (
				9AB5E4AD1C6C2236005A8EE2 /* Try_SwiftUITests.swift */,
				9AB5E4AF1C6C2236005A8EE2 /* Info.plist */,
			);
			path = "Try SwiftUITests";
			sourceTree = "<group>";
		};
/* End PBXGroup section */

/* Begin PBXNativeTarget section */
		9AB5E4891C6C2235005A8EE2 /* Try Swift */ = {
			isa = PBXNativeTarget;
			buildConfigurationList = 9AB5E4B21C6C2236005A8EE2 /* Build configuration list for PBXNativeTarget "Try Swift" */;
			buildPhases = (
				9AB5E4861C6C2235005A8EE2 /* Sources */,
				9AB5E4871C6C2235005A8EE2 /* Frameworks */,
				9AB5E4881C6C2235005A8EE2 /* Resources */,
			);
			buildRules = (
			);
			dependencies = (
			);
			name = "Try Swift";
			productName = "Try Swift";
			productReference = 9AB5E48A1C6C2236005A8EE2 /* Try Swift.app */;
			productType = "com.apple.product-type.application";
		};
		9AB5E49D1C6C2236005A8EE2 /* Try SwiftTests */ = {
			isa = PBXNativeTarget;
			buildConfigurationList = 9AB5E4B51C6C2236005A8EE2 /* Build configuration list for PBXNativeTarget "Try SwiftTests" */;
			buildPhases = (
				9AB5E49A1C6C2236005A8EE2 /* Sources */,
				9AB5E49B1C6C2236005A8EE2 /* Frameworks */,
				9AB5E49C1C6C2236005A8EE2 /* Resources */,
			);
			buildRules = (
			);
			dependencies = (
				9AB5E4A01C6C2236005A8EE2 /* PBXTargetDependency */,
			);
			name = "Try SwiftTests";
			productName = "Try SwiftTests";
			productReference = 9AB5E49E1C6C2236005A8EE2 /* Try SwiftTests.xctest */;
			productType = "com.apple.product-type.bundle.unit-test";
		};
		9AB5E4A81C6C2236005A8EE2 /* Try SwiftUITests */ = {
			isa = PBXNativeTarget;
			buildConfigurationList = 9AB5E4B81C6C2236005A8EE2 /* Build configuration list for PBXNativeTarget "Try SwiftUITests" */;
			buildPhases = (
				9AB5E4A51C6C2236005A8EE2 /* Sources */,
				9AB5E4A61C6C2236005A8EE2 /* Frameworks */,
				9AB5E4A71C6C2236005A8EE2 /* Resources */,
			);
			buildRules = (
			);
			dependencies = (
				9AB5E4AB1C6C2236005A8EE2 /* PBXTargetDependency */,
			);
			name = "Try SwiftUITests";
			productName = "Try SwiftUITests";
			productReference = 9AB5E4A91C6C2236005A8EE2 /* Try SwiftUITests.xctest */;
			productType = "com.apple.product-type.bundle.ui-testing";
		};
/* End PBXNativeTarget section */

/* Begin PBXProject section */
		9AB5E4821C6C2235005A8EE2 /* Project object */ = {
			isa = PBXProject;
			attributes = {
				LastSwiftUpdateCheck = 0720;
				LastUpgradeCheck = 0720;
				ORGANIZATIONNAME = tkabeee;
				TargetAttributes = {
					9AB5E4891C6C2235005A8EE2 = {
						CreatedOnToolsVersion = 7.2.1;
					};
					9AB5E49D1C6C2236005A8EE2 = {
						CreatedOnToolsVersion = 7.2.1;
						TestTargetID = 9AB5E4891C6C2235005A8EE2;
					};
					9AB5E4A81C6C2236005A8EE2 = {
						CreatedOnToolsVersion = 7.2.1;
						TestTargetID = 9AB5E4891C6C2235005A8EE2;
					};
				};
			};
			buildConfigurationList = 9AB5E4851C6C2235005A8EE2 /* Build configuration list for PBXProject "Try Swift" */;
			compatibilityVersion = "Xcode 3.2";
			developmentRegion = English;
			hasScannedForEncodings = 0;
			knownRegions = (
				en,
				Base,
			);
			mainGroup = 9AB5E4811C6C2235005A8EE2;
			productRefGroup = 9AB5E48B1C6C2236005A8EE2 /* Products */;
			projectDirPath = "";
			projectRoot = "";
			targets = (
				9AB5E4891C6C2235005A8EE2 /* Try Swift */,
				9AB5E49D1C6C2236005A8EE2 /* Try SwiftTests */,
				9AB5E4A81C6C2236005A8EE2 /* Try SwiftUITests */,
			);
		};
/* End PBXProject section */

/* Begin PBXResourcesBuildPhase section */
		9AB5E4881C6C2235005A8EE2 /* Resources */ = {
			isa = PBXResourcesBuildPhase;
			buildActionMask = 2147483647;
			files = (
				9AB5E4981C6C2236005A8EE2 /* LaunchScreen.storyboard in Resources */,
				9AB5E4951C6C2236005A8EE2 /* Assets.xcassets in Resources */,
				9AB5E4931C6C2236005A8EE2 /* Main.storyboard in Resources */,
			);
			runOnlyForDeploymentPostprocessing = 0;
		};
		9AB5E49C1C6C2236005A8EE2 /* Resources */ = {
			isa = PBXResourcesBuildPhase;
			buildActionMask = 2147483647;
			files = (
			);
			runOnlyForDeploymentPostprocessing = 0;
		};
		9AB5E4A71C6C2236005A8EE2 /* Resources */ = {
			isa = PBXResourcesBuildPhase;
			buildActionMask = 2147483647;
			files = (
			);
			runOnlyForDeploymentPostprocessing = 0;
		};
/* End PBXResourcesBuildPhase section */

/* Begin PBXSourcesBuildPhase section */
		9AB5E4861C6C2235005A8EE2 /* Sources */ = {
			isa = PBXSourcesBuildPhase;
			buildActionMask = 2147483647;
			files = (
				9AB5E4901C6C2236005A8EE2 /* ViewController.swift in Sources */,
				9AB5E48E1C6C2236005A8EE2 /* AppDelegate.swift in Sources */,
			);
			runOnlyForDeploymentPostprocessing = 0;
		};
		9AB5E49A1C6C2236005A8EE2 /* Sources */ = {
			isa = PBXSourcesBuildPhase;
			buildActionMask = 2147483647;
			files = (
				9AB5E4A31C6C2236005A8EE2 /* Try_SwiftTests.swift in Sources */,
			);
			runOnlyForDeploymentPostprocessing = 0;
		};
		9AB5E4A51C6C2236005A8EE2 /* Sources */ = {
			isa = PBXSourcesBuildPhase;
			buildActionMask = 2147483647;
			files = (
				9AB5E4AE1C6C2236005A8EE2 /* Try_SwiftUITests.swift in Sources */,
			);
			runOnlyForDeploymentPostprocessing = 0;
		};
/* End PBXSourcesBuildPhase section */

/* Begin PBXTargetDependency section */
		9AB5E4A01C6C2236005A8EE2 /* PBXTargetDependency */ = {
			isa = PBXTargetDependency;
			target = 9AB5E4891C6C2235005A8EE2 /* Try Swift */;
			targetProxy = 9AB5E49F1C6C2236005A8EE2 /* PBXContainerItemProxy */;
		};
		9AB5E4AB1C6C2236005A8EE2 /* PBXTargetDependency */ = {
			isa = PBXTargetDependency;
			target = 9AB5E4891C6C2235005A8EE2 /* Try Swift */;
			targetProxy = 9AB5E4AA1C6C2236005A8EE2 /* PBXContainerItemProxy */;
		};
/* End PBXTargetDependency section */

/* Begin PBXVariantGroup section */
		9AB5E4911C6C2236005A8EE2 /* Main.storyboard */ = {
			isa = PBXVariantGroup;
			children = (
				9AB5E4921C6C2236005A8EE2 /* Base */,
			);
			name = Main.storyboard;
			sourceTree = "<group>";
		};
		9AB5E4961C6C2236005A8EE2 /* LaunchScreen.storyboard */ = {
			isa = PBXVariantGroup;
			children = (
				9AB5E4971C6C2236005A8EE2 /* Base */,
			);
			name = LaunchScreen.storyboard;
			sourceTree = "<group>";
		};
/* End PBXVariantGroup section */

/* Begin XCBuildConfiguration section */
		9AB5E4B01C6C2236005A8EE2 /* Debug */ = {
			isa = XCBuildConfiguration;
			buildSettings = {
				ALWAYS_SEARCH_USER_PATHS = NO;
				CLANG_CXX_LANGUAGE_STANDARD = "gnu++0x";
				CLANG_CXX_LIBRARY = "libc++";
				CLANG_ENABLE_MODULES = YES;
				CLANG_ENABLE_OBJC_ARC = YES;
				CLANG_WARN_BOOL_CONVERSION = YES;
				CLANG_WARN_CONSTANT_CONVERSION = YES;
				CLANG_WARN_DIRECT_OBJC_ISA_USAGE = YES_ERROR;
				CLANG_WARN_EMPTY_BODY = YES;
				CLANG_WARN_ENUM_CONVERSION = YES;
				CLANG_WARN_INT_CONVERSION = YES;
				CLANG_WARN_OBJC_ROOT_CLASS = YES_ERROR;
				CLANG_WARN_UNREACHABLE_CODE = YES;
				CLANG_WARN__DUPLICATE_METHOD_MATCH = YES;
				"CODE_SIGN_IDENTITY[sdk=iphoneos*]" = "iPhone Developer";
				COPY_PHASE_STRIP = NO;
				DEBUG_INFORMATION_FORMAT = dwarf;
				ENABLE_STRICT_OBJC_MSGSEND = YES;
				ENABLE_TESTABILITY = YES;
				GCC_C_LANGUAGE_STANDARD = gnu99;
				GCC_DYNAMIC_NO_PIC = NO;
				GCC_NO_COMMON_BLOCKS = YES;
				GCC_OPTIMIZATION_LEVEL = 0;
				GCC_PREPROCESSOR_DEFINITIONS = (
					"DEBUG=1",
					"$(inherited)",
				);
				GCC_WARN_64_TO_32_BIT_CONVERSION = YES;
				GCC_WARN_ABOUT_RETURN_TYPE = YES_ERROR;
				GCC_WARN_UNDECLARED_SELECTOR = YES;
				GCC_WARN_UNINITIALIZED_AUTOS = YES_AGGRESSIVE;
				GCC_WARN_UNUSED_FUNCTION = YES;
				GCC_WARN_UNUSED_VARIABLE = YES;
				IPHONEOS_DEPLOYMENT_TARGET = 9.2;
				MTL_ENABLE_DEBUG_INFO = YES;
				ONLY_ACTIVE_ARCH = YES;
				SDKROOT = iphoneos;
				SWIFT_OPTIMIZATION_LEVEL = "-Onone";
			};
			name = Debug;
		};
		9AB5E4B11C6C2236005A8EE2 /* Release */ = {
			isa = XCBuildConfiguration;
			buildSettings = {
				ALWAYS_SEARCH_USER_PATHS = NO;
				CLANG_CXX_LANGUAGE_STANDARD = "gnu++0x";
				CLANG_CXX_LIBRARY = "libc++";
				CLANG_ENABLE_MODULES = YES;
				CLANG_ENABLE_OBJC_ARC = YES;
				CLANG_WARN_BOOL_CONVERSION = YES;
				CLANG_WARN_CONSTANT_CONVERSION = YES;
				CLANG_WARN_DIRECT_OBJC_ISA_USAGE = YES_ERROR;
				CLANG_WARN_EMPTY_BODY = YES;
				CLANG_WARN_ENUM_CONVERSION = YES;
				CLANG_WARN_INT_CONVERSION = YES;
				CLANG_WARN_OBJC_ROOT_CLASS = YES_ERROR;
				CLANG_WARN_UNREACHABLE_CODE = YES;
				CLANG_WARN__DUPLICATE_METHOD_MATCH = YES;
				"CODE_SIGN_IDENTITY[sdk=iphoneos*]" = "iPhone Developer";
				COPY_PHASE_STRIP = NO;
				DEBUG_INFORMATION_FORMAT = "dwarf-with-dsym";
				ENABLE_NS_ASSERTIONS = NO;
				ENABLE_STRICT_OBJC_MSGSEND = YES;
				GCC_C_LANGUAGE_STANDARD = gnu99;
				GCC_NO_COMMON_BLOCKS = YES;
				GCC_WARN_64_TO_32_BIT_CONVERSION = YES;
				GCC_WARN_ABOUT_RETURN_TYPE = YES_ERROR;
				GCC_WARN_UNDECLARED_SELECTOR = YES;
				GCC_WARN_UNINITIALIZED_AUTOS = YES_AGGRESSIVE;
				GCC_WARN_UNUSED_FUNCTION = YES;
				GCC_WARN_UNUSED_VARIABLE = YES;
				IPHONEOS_DEPLOYMENT_TARGET = 9.2;
				MTL_ENABLE_DEBUG_INFO = NO;
				SDKROOT = iphoneos;
				VALIDATE_PRODUCT = YES;
			};
			name = Release;
		};
		9AB5E4B31C6C2236005A8EE2 /* Debug */ = {
			isa = XCBuildConfiguration;
			buildSettings = {
				ASSETCATALOG_COMPILER_APPICON_NAME = AppIcon;
				INFOPLIST_FILE = "Try Swift/Info.plist";
				LD_RUNPATH_SEARCH_PATHS = "$(inherited) @executable_path/Frameworks";
				PRODUCT_BUNDLE_IDENTIFIER = "com.tkab.Try-Swift";
				PRODUCT_NAME = "$(TARGET_NAME)";
			};
			name = Debug;
		};
		9AB5E4B41C6C2236005A8EE2 /* Release */ = {
			isa = XCBuildConfiguration;
			buildSettings = {
				ASSETCATALOG_COMPILER_APPICON_NAME = AppIcon;
				INFOPLIST_FILE = "Try Swift/Info.plist";
				LD_RUNPATH_SEARCH_PATHS = "$(inherited) @executable_path/Frameworks";
				PRODUCT_BUNDLE_IDENTIFIER = "com.tkab.Try-Swift";
				PRODUCT_NAME = "$(TARGET_NAME)";
			};
			name = Release;
		};
		9AB5E4B61C6C2236005A8EE2 /* Debug */ = {
			isa = XCBuildConfiguration;
			buildSettings = {
				BUNDLE_LOADER = "$(TEST_HOST)";
				INFOPLIST_FILE = "Try SwiftTests/Info.plist";
				LD_RUNPATH_SEARCH_PATHS = "$(inherited) @executable_path/Frameworks @loader_path/Frameworks";
				PRODUCT_BUNDLE_IDENTIFIER = "com.tkab.Try-SwiftTests";
				PRODUCT_NAME = "$(TARGET_NAME)";
				TEST_HOST = "$(BUILT_PRODUCTS_DIR)/Try Swift.app/Try Swift";
			};
			name = Debug;
		};
		9AB5E4B71C6C2236005A8EE2 /* Release */ = {
			isa = XCBuildConfiguration;
			buildSettings = {
				BUNDLE_LOADER = "$(TEST_HOST)";
				INFOPLIST_FILE = "Try SwiftTests/Info.plist";
				LD_RUNPATH_SEARCH_PATHS = "$(inherited) @executable_path/Frameworks @loader_path/Frameworks";
				PRODUCT_BUNDLE_IDENTIFIER = "com.tkab.Try-SwiftTests";
				PRODUCT_NAME = "$(TARGET_NAME)";
				TEST_HOST = "$(BUILT_PRODUCTS_DIR)/Try Swift.app/Try Swift";
			};
			name = Release;
		};
		9AB5E4B91C6C2236005A8EE2 /* Debug */ = {
			isa = XCBuildConfiguration;
			buildSettings = {
				INFOPLIST_FILE = "Try SwiftUITests/Info.plist";
				LD_RUNPATH_SEARCH_PATHS = "$(inherited) @executable_path/Frameworks @loader_path/Frameworks";
				PRODUCT_BUNDLE_IDENTIFIER = "com.tkab.Try-SwiftUITests";
				PRODUCT_NAME = "$(TARGET_NAME)";
				TEST_TARGET_NAME = "Try Swift";
				USES_XCTRUNNER = YES;
			};
			name = Debug;
		};
		9AB5E4BA1C6C2236005A8EE2 /* Release */ = {
			isa = XCBuildConfiguration;
			buildSettings = {
				INFOPLIST_FILE = "Try SwiftUITests/Info.plist";
				LD_RUNPATH_SEARCH_PATHS = "$(inherited) @executable_path/Frameworks @loader_path/Frameworks";
				PRODUCT_BUNDLE_IDENTIFIER = "com.tkab.Try-SwiftUITests";
				PRODUCT_NAME = "$(TARGET_NAME)";
				TEST_TARGET_NAME = "Try Swift";
				USES_XCTRUNNER = YES;
			};
			name = Release;
		};
/* End XCBuildConfiguration section */

/* Begin XCConfigurationList section */
		9AB5E4851C6C2235005A8EE2 /* Build configuration list for PBXProject "Try Swift" */ = {
			isa = XCConfigurationList;
			buildConfigurations = (
				9AB5E4B01C6C2236005A8EE2 /* Debug */,
				9AB5E4B11C6C2236005A8EE2 /* Release */,
			);
			defaultConfigurationIsVisible = 0;
			defaultConfigurationName = Release;
		};
		9AB5E4B21C6C2236005A8EE2 /* Build configuration list for PBXNativeTarget "Try Swift" */ = {
			isa = XCConfigurationList;
			buildConfigurations = (
				9AB5E4B31C6C2236005A8EE2 /* Debug */,
				9AB5E4B41C6C2236005A8EE2 /* Release */,
			);
			defaultConfigurationIsVisible = 0;
		};
		9AB5E4B51C6C2236005A8EE2 /* Build configuration list for PBXNativeTarget "Try SwiftTests" */ = {
			isa = XCConfigurationList;
			buildConfigurations = (
				9AB5E4B61C6C2236005A8EE2 /* Debug */,
				9AB5E4B71C6C2236005A8EE2 /* Release */,
			);
			defaultConfigurationIsVisible = 0;
		};
		9AB5E4B81C6C2236005A8EE2 /* Build configuration list for PBXNativeTarget "Try SwiftUITests" */ = {
			isa = XCConfigurationList;
			buildConfigurations = (
				9AB5E4B91C6C2236005A8EE2 /* Debug */,
				9AB5E4BA1C6C2236005A8EE2 /* Release */,
			);
			defaultConfigurationIsVisible = 0;
		};
/* End XCConfigurationList section */
	};
	rootObject = 9AB5E4821C6C2235005A8EE2 /* Project object */;
}
